// !$*UTF8*$!
{
	archiveVersion = 1;
	classes = {
	};
	objectVersion = 56;
	objects = {

/* Begin PBXBuildFile section */
		50057CC429BCC01A00919FD3 /* AppDelegate.swift in Sources */ = {isa = PBXBuildFile; fileRef = 50057CC329BCC01A00919FD3 /* AppDelegate.swift */; };
		50057CC629BCC01A00919FD3 /* SceneDelegate.swift in Sources */ = {isa = PBXBuildFile; fileRef = 50057CC529BCC01A00919FD3 /* SceneDelegate.swift */; };
		50057CCB29BCC01A00919FD3 /* Main.storyboard in Resources */ = {isa = PBXBuildFile; fileRef = 50057CC929BCC01A00919FD3 /* Main.storyboard */; };
		50057CCD29BCC01B00919FD3 /* Assets.xcassets in Resources */ = {isa = PBXBuildFile; fileRef = 50057CCC29BCC01B00919FD3 /* Assets.xcassets */; };
		50057CD029BCC01B00919FD3 /* LaunchScreen.storyboard in Resources */ = {isa = PBXBuildFile; fileRef = 50057CCE29BCC01B00919FD3 /* LaunchScreen.storyboard */; };
		5046CB0F29C0D6180052ABF4 /* User.swift in Sources */ = {isa = PBXBuildFile; fileRef = 5046CB0E29C0D6180052ABF4 /* User.swift */; };
		5046CB1229C0D69A0052ABF4 /* ApiManger.swift in Sources */ = {isa = PBXBuildFile; fileRef = 5046CB1129C0D69A0052ABF4 /* ApiManger.swift */; };
		5046CB1729C0DADD0052ABF4 /* LoginViewController.swift in Sources */ = {isa = PBXBuildFile; fileRef = 5046CB1629C0DADD0052ABF4 /* LoginViewController.swift */; };
		5046CB1929C0DBD70052ABF4 /* MainViewController.swift in Sources */ = {isa = PBXBuildFile; fileRef = 5046CB1829C0DBD70052ABF4 /* MainViewController.swift */; };
		50B586E729C6013F00597B50 /* GetStartedController.swift in Sources */ = {isa = PBXBuildFile; fileRef = 50B586E629C6013F00597B50 /* GetStartedController.swift */; };
		50B586EA29C604BE00597B50 /* AVFoundation.framework in Frameworks */ = {isa = PBXBuildFile; fileRef = 50B586E929C604BE00597B50 /* AVFoundation.framework */; };
		50B586F829C735AB00597B50 /* SplashViewController.swift in Sources */ = {isa = PBXBuildFile; fileRef = 50B586F729C735AB00597B50 /* SplashViewController.swift */; };
		50B586FA29C7811500597B50 /* jumpingBox.mp4 in Resources */ = {isa = PBXBuildFile; fileRef = 50B586F929C7811500597B50 /* jumpingBox.mp4 */; };
		50B586FC29C79A2300597B50 /* TestViewController.swift in Sources */ = {isa = PBXBuildFile; fileRef = 50B586FB29C79A2300597B50 /* TestViewController.swift */; };
/* End PBXBuildFile section */

/* Begin PBXFileReference section */
		50057CC029BCC01A00919FD3 /* AlphaFitness.app */ = {isa = PBXFileReference; explicitFileType = wrapper.application; includeInIndex = 0; path = AlphaFitness.app; sourceTree = BUILT_PRODUCTS_DIR; };
		50057CC329BCC01A00919FD3 /* AppDelegate.swift */ = {isa = PBXFileReference; lastKnownFileType = sourcecode.swift; path = AppDelegate.swift; sourceTree = "<group>"; };
		50057CC529BCC01A00919FD3 /* SceneDelegate.swift */ = {isa = PBXFileReference; lastKnownFileType = sourcecode.swift; path = SceneDelegate.swift; sourceTree = "<group>"; };
		50057CCA29BCC01A00919FD3 /* Base */ = {isa = PBXFileReference; lastKnownFileType = file.storyboard; name = Base; path = Base.lproj/Main.storyboard; sourceTree = "<group>"; };
		50057CCC29BCC01B00919FD3 /* Assets.xcassets */ = {isa = PBXFileReference; lastKnownFileType = folder.assetcatalog; path = Assets.xcassets; sourceTree = "<group>"; };
		50057CCF29BCC01B00919FD3 /* Base */ = {isa = PBXFileReference; lastKnownFileType = file.storyboard; name = Base; path = Base.lproj/LaunchScreen.storyboard; sourceTree = "<group>"; };
		50057CD129BCC01B00919FD3 /* Info.plist */ = {isa = PBXFileReference; lastKnownFileType = text.plist.xml; path = Info.plist; sourceTree = "<group>"; };
		5046CB0E29C0D6180052ABF4 /* User.swift */ = {isa = PBXFileReference; lastKnownFileType = sourcecode.swift; path = User.swift; sourceTree = "<group>"; };
		5046CB1129C0D69A0052ABF4 /* ApiManger.swift */ = {isa = PBXFileReference; lastKnownFileType = sourcecode.swift; path = ApiManger.swift; sourceTree = "<group>"; };
		5046CB1629C0DADD0052ABF4 /* LoginViewController.swift */ = {isa = PBXFileReference; lastKnownFileType = sourcecode.swift; path = LoginViewController.swift; sourceTree = "<group>"; };
		5046CB1829C0DBD70052ABF4 /* MainViewController.swift */ = {isa = PBXFileReference; lastKnownFileType = sourcecode.swift; path = MainViewController.swift; sourceTree = "<group>"; };
		50B586E629C6013F00597B50 /* GetStartedController.swift */ = {isa = PBXFileReference; lastKnownFileType = sourcecode.swift; path = GetStartedController.swift; sourceTree = "<group>"; };
		50B586E929C604BE00597B50 /* AVFoundation.framework */ = {isa = PBXFileReference; lastKnownFileType = wrapper.framework; name = AVFoundation.framework; path = System/Library/Frameworks/AVFoundation.framework; sourceTree = SDKROOT; };
		50B586F729C735AB00597B50 /* SplashViewController.swift */ = {isa = PBXFileReference; lastKnownFileType = sourcecode.swift; path = SplashViewController.swift; sourceTree = "<group>"; };
		50B586F929C7811500597B50 /* jumpingBox.mp4 */ = {isa = PBXFileReference; lastKnownFileType = file; name = jumpingBox.mp4; path = ../../../../Downloads/jumpingBox.mp4; sourceTree = "<group>"; };
		50B586FB29C79A2300597B50 /* TestViewController.swift */ = {isa = PBXFileReference; lastKnownFileType = sourcecode.swift; path = TestViewController.swift; sourceTree = "<group>"; };
/* End PBXFileReference section */

/* Begin PBXFrameworksBuildPhase section */
		50057CBD29BCC01A00919FD3 /* Frameworks */ = {
			isa = PBXFrameworksBuildPhase;
			buildActionMask = 2147483647;
			files = (
				50B586EA29C604BE00597B50 /* AVFoundation.framework in Frameworks */,
			);
			runOnlyForDeploymentPostprocessing = 0;
		};
/* End PBXFrameworksBuildPhase section */

/* Begin PBXGroup section */
		50057CB729BCC01A00919FD3 = {
			isa = PBXGroup;
			children = (
				50B586F929C7811500597B50 /* jumpingBox.mp4 */,
				50057CC229BCC01A00919FD3 /* AlphaFitness */,
				50057CC129BCC01A00919FD3 /* Products */,
				50B586E829C604BE00597B50 /* Frameworks */,
			);
			sourceTree = "<group>";
		};
		50057CC129BCC01A00919FD3 /* Products */ = {
			isa = PBXGroup;
			children = (
				50057CC029BCC01A00919FD3 /* AlphaFitness.app */,
			);
			name = Products;
			sourceTree = "<group>";
		};
		50057CC229BCC01A00919FD3 /* AlphaFitness */ = {
			isa = PBXGroup;
			children = (
				5046CB1329C0DA900052ABF4 /* Controllers */,
				5046CB1029C0D67F0052ABF4 /* Helpers */,
				5046CB0929C0D53C0052ABF4 /* Storyboards */,
				5046CB0829C0D5290052ABF4 /* Views */,
				5046CB0729C0D51A0052ABF4 /* Models */,
				50057CC329BCC01A00919FD3 /* AppDelegate.swift */,
				50057CC529BCC01A00919FD3 /* SceneDelegate.swift */,
				50057CC929BCC01A00919FD3 /* Main.storyboard */,
				50B586FB29C79A2300597B50 /* TestViewController.swift */,
				50057CCC29BCC01B00919FD3 /* Assets.xcassets */,
				50057CCE29BCC01B00919FD3 /* LaunchScreen.storyboard */,
				50057CD129BCC01B00919FD3 /* Info.plist */,
			);
			path = AlphaFitness;
			sourceTree = "<group>";
		};
		5046CB0729C0D51A0052ABF4 /* Models */ = {
			isa = PBXGroup;
			children = (
				5046CB0E29C0D6180052ABF4 /* User.swift */,
			);
			path = Models;
			sourceTree = "<group>";
		};
		5046CB0829C0D5290052ABF4 /* Views */ = {
			isa = PBXGroup;
			children = (
			);
			path = Views;
			sourceTree = "<group>";
		};
		5046CB0929C0D53C0052ABF4 /* Storyboards */ = {
			isa = PBXGroup;
			children = (
			);
			path = Storyboards;
			sourceTree = "<group>";
		};
		5046CB1029C0D67F0052ABF4 /* Helpers */ = {
			isa = PBXGroup;
			children = (
				5046CB1129C0D69A0052ABF4 /* ApiManger.swift */,
			);
			path = Helpers;
			sourceTree = "<group>";
		};
		5046CB1329C0DA900052ABF4 /* Controllers */ = {
			isa = PBXGroup;
			children = (
				5046CB1629C0DADD0052ABF4 /* LoginViewController.swift */,
				5046CB1829C0DBD70052ABF4 /* MainViewController.swift */,
				50B586E629C6013F00597B50 /* GetStartedController.swift */,
				50B586F729C735AB00597B50 /* SplashViewController.swift */,
			);
			path = Controllers;
			sourceTree = "<group>";
		};
		50B586E829C604BE00597B50 /* Frameworks */ = {
			isa = PBXGroup;
			children = (
				50B586E929C604BE00597B50 /* AVFoundation.framework */,
			);
			name = Frameworks;
			sourceTree = "<group>";
		};
/* End PBXGroup section */

/* Begin PBXNativeTarget section */
		50057CBF29BCC01A00919FD3 /* AlphaFitness */ = {
			isa = PBXNativeTarget;
			buildConfigurationList = 50057CD429BCC01B00919FD3 /* Build configuration list for PBXNativeTarget "AlphaFitness" */;
			buildPhases = (
				50057CBC29BCC01A00919FD3 /* Sources */,
				50057CBD29BCC01A00919FD3 /* Frameworks */,
				50057CBE29BCC01A00919FD3 /* Resources */,
			);
			buildRules = (
			);
			dependencies = (
			);
			name = AlphaFitness;
			productName = AlphaFitness;
			productReference = 50057CC029BCC01A00919FD3 /* AlphaFitness.app */;
			productType = "com.apple.product-type.application";
		};
/* End PBXNativeTarget section */

/* Begin PBXProject section */
		50057CB829BCC01A00919FD3 /* Project object */ = {
			isa = PBXProject;
			attributes = {
				BuildIndependentTargetsInParallel = 1;
				LastSwiftUpdateCheck = 1420;
				LastUpgradeCheck = 1420;
				TargetAttributes = {
					50057CBF29BCC01A00919FD3 = {
						CreatedOnToolsVersion = 14.2;
					};
				};
			};
			buildConfigurationList = 50057CBB29BCC01A00919FD3 /* Build configuration list for PBXProject "AlphaFitness" */;
			compatibilityVersion = "Xcode 14.0";
			developmentRegion = en;
			hasScannedForEncodings = 0;
			knownRegions = (
				en,
				Base,
			);
			mainGroup = 50057CB729BCC01A00919FD3;
			productRefGroup = 50057CC129BCC01A00919FD3 /* Products */;
			projectDirPath = "";
			projectRoot = "";
			targets = (
				50057CBF29BCC01A00919FD3 /* AlphaFitness */,
			);
		};
/* End PBXProject section */

/* Begin PBXResourcesBuildPhase section */
		50057CBE29BCC01A00919FD3 /* Resources */ = {
			isa = PBXResourcesBuildPhase;
			buildActionMask = 2147483647;
			files = (
				50B586FA29C7811500597B50 /* jumpingBox.mp4 in Resources */,
				50057CD029BCC01B00919FD3 /* LaunchScreen.storyboard in Resources */,
				50057CCD29BCC01B00919FD3 /* Assets.xcassets in Resources */,
				50057CCB29BCC01A00919FD3 /* Main.storyboard in Resources */,
			);
			runOnlyForDeploymentPostprocessing = 0;
		};
/* End PBXResourcesBuildPhase section */

/* Begin PBXSourcesBuildPhase section */
		50057CBC29BCC01A00919FD3 /* Sources */ = {
			isa = PBXSourcesBuildPhase;
			buildActionMask = 2147483647;
			files = (
				50B586E729C6013F00597B50 /* GetStartedController.swift in Sources */,
				5046CB1929C0DBD70052ABF4 /* MainViewController.swift in Sources */,
				5046CB1729C0DADD0052ABF4 /* LoginViewController.swift in Sources */,
				5046CB0F29C0D6180052ABF4 /* User.swift in Sources */,
				50057CC429BCC01A00919FD3 /* AppDelegate.swift in Sources */,
				5046CB1229C0D69A0052ABF4 /* ApiManger.swift in Sources */,
				50057CC629BCC01A00919FD3 /* SceneDelegate.swift in Sources */,
				50B586FC29C79A2300597B50 /* TestViewController.swift in Sources */,
				50B586F829C735AB00597B50 /* SplashViewController.swift in Sources */,
			);
			runOnlyForDeploymentPostprocessing = 0;
		};
/* End PBXSourcesBuildPhase section */

/* Begin PBXVariantGroup section */
		50057CC929BCC01A00919FD3 /* Main.storyboard */ = {
			isa = PBXVariantGroup;
			children = (
				50057CCA29BCC01A00919FD3 /* Base */,
			);
			name = Main.storyboard;
			sourceTree = "<group>";
		};
		50057CCE29BCC01B00919FD3 /* LaunchScreen.storyboard */ = {
			isa = PBXVariantGroup;
			children = (
				50057CCF29BCC01B00919FD3 /* Base */,
			);
			name = LaunchScreen.storyboard;
			sourceTree = "<group>";
		};
/* End PBXVariantGroup section */

/* Begin XCBuildConfiguration section */
		50057CD229BCC01B00919FD3 /* Debug */ = {
			isa = XCBuildConfiguration;
			buildSettings = {
				ALWAYS_SEARCH_USER_PATHS = NO;
				CLANG_ANALYZER_NONNULL = YES;
				CLANG_ANALYZER_NUMBER_OBJECT_CONVERSION = YES_AGGRESSIVE;
				CLANG_CXX_LANGUAGE_STANDARD = "gnu++20";
				CLANG_ENABLE_MODULES = YES;
				CLANG_ENABLE_OBJC_ARC = YES;
				CLANG_ENABLE_OBJC_WEAK = YES;
				CLANG_WARN_BLOCK_CAPTURE_AUTORELEASING = YES;
				CLANG_WARN_BOOL_CONVERSION = YES;
				CLANG_WARN_COMMA = YES;
				CLANG_WARN_CONSTANT_CONVERSION = YES;
				CLANG_WARN_DEPRECATED_OBJC_IMPLEMENTATIONS = YES;
				CLANG_WARN_DIRECT_OBJC_ISA_USAGE = YES_ERROR;
				CLANG_WARN_DOCUMENTATION_COMMENTS = YES;
				CLANG_WARN_EMPTY_BODY = YES;
				CLANG_WARN_ENUM_CONVERSION = YES;
				CLANG_WARN_INFINITE_RECURSION = YES;
				CLANG_WARN_INT_CONVERSION = YES;
				CLANG_WARN_NON_LITERAL_NULL_CONVERSION = YES;
				CLANG_WARN_OBJC_IMPLICIT_RETAIN_SELF = YES;
				CLANG_WARN_OBJC_LITERAL_CONVERSION = YES;
				CLANG_WARN_OBJC_ROOT_CLASS = YES_ERROR;
				CLANG_WARN_QUOTED_INCLUDE_IN_FRAMEWORK_HEADER = YES;
				CLANG_WARN_RANGE_LOOP_ANALYSIS = YES;
				CLANG_WARN_STRICT_PROTOTYPES = YES;
				CLANG_WARN_SUSPICIOUS_MOVE = YES;
				CLANG_WARN_UNGUARDED_AVAILABILITY = YES_AGGRESSIVE;
				CLANG_WARN_UNREACHABLE_CODE = YES;
				CLANG_WARN__DUPLICATE_METHOD_MATCH = YES;
				COPY_PHASE_STRIP = NO;
				DEBUG_INFORMATION_FORMAT = dwarf;
				ENABLE_STRICT_OBJC_MSGSEND = YES;
				ENABLE_TESTABILITY = YES;
				GCC_C_LANGUAGE_STANDARD = gnu11;
				GCC_DYNAMIC_NO_PIC = NO;
				GCC_NO_COMMON_BLOCKS = YES;
				GCC_OPTIMIZATION_LEVEL = 0;
				GCC_PREPROCESSOR_DEFINITIONS = (
					"DEBUG=1",
					"$(inherited)",
				);
				GCC_WARN_64_TO_32_BIT_CONVERSION = YES;
				GCC_WARN_ABOUT_RETURN_TYPE = YES_ERROR;
				GCC_WARN_UNDECLARED_SELECTOR = YES;
				GCC_WARN_UNINITIALIZED_AUTOS = YES_AGGRESSIVE;
				GCC_WARN_UNUSED_FUNCTION = YES;
				GCC_WARN_UNUSED_VARIABLE = YES;
				IPHONEOS_DEPLOYMENT_TARGET = 16.2;
				MTL_ENABLE_DEBUG_INFO = INCLUDE_SOURCE;
				MTL_FAST_MATH = YES;
				ONLY_ACTIVE_ARCH = YES;
				SDKROOT = iphoneos;
				SWIFT_ACTIVE_COMPILATION_CONDITIONS = DEBUG;
				SWIFT_OPTIMIZATION_LEVEL = "-Onone";
			};
			name = Debug;
		};
		50057CD329BCC01B00919FD3 /* Release */ = {
			isa = XCBuildConfiguration;
			buildSettings = {
				ALWAYS_SEARCH_USER_PATHS = NO;
				CLANG_ANALYZER_NONNULL = YES;
				CLANG_ANALYZER_NUMBER_OBJECT_CONVERSION = YES_AGGRESSIVE;
				CLANG_CXX_LANGUAGE_STANDARD = "gnu++20";
				CLANG_ENABLE_MODULES = YES;
				CLANG_ENABLE_OBJC_ARC = YES;
				CLANG_ENABLE_OBJC_WEAK = YES;
				CLANG_WARN_BLOCK_CAPTURE_AUTORELEASING = YES;
				CLANG_WARN_BOOL_CONVERSION = YES;
				CLANG_WARN_COMMA = YES;
				CLANG_WARN_CONSTANT_CONVERSION = YES;
				CLANG_WARN_DEPRECATED_OBJC_IMPLEMENTATIONS = YES;
				CLANG_WARN_DIRECT_OBJC_ISA_USAGE = YES_ERROR;
				CLANG_WARN_DOCUMENTATION_COMMENTS = YES;
				CLANG_WARN_EMPTY_BODY = YES;
				CLANG_WARN_ENUM_CONVERSION = YES;
				CLANG_WARN_INFINITE_RECURSION = YES;
				CLANG_WARN_INT_CONVERSION = YES;
				CLANG_WARN_NON_LITERAL_NULL_CONVERSION = YES;
				CLANG_WARN_OBJC_IMPLICIT_RETAIN_SELF = YES;
				CLANG_WARN_OBJC_LITERAL_CONVERSION = YES;
				CLANG_WARN_OBJC_ROOT_CLASS = YES_ERROR;
				CLANG_WARN_QUOTED_INCLUDE_IN_FRAMEWORK_HEADER = YES;
				CLANG_WARN_RANGE_LOOP_ANALYSIS = YES;
				CLANG_WARN_STRICT_PROTOTYPES = YES;
				CLANG_WARN_SUSPICIOUS_MOVE = YES;
				CLANG_WARN_UNGUARDED_AVAILABILITY = YES_AGGRESSIVE;
				CLANG_WARN_UNREACHABLE_CODE = YES;
				CLANG_WARN__DUPLICATE_METHOD_MATCH = YES;
				COPY_PHASE_STRIP = NO;
				DEBUG_INFORMATION_FORMAT = "dwarf-with-dsym";
				ENABLE_NS_ASSERTIONS = NO;
				ENABLE_STRICT_OBJC_MSGSEND = YES;
				GCC_C_LANGUAGE_STANDARD = gnu11;
				GCC_NO_COMMON_BLOCKS = YES;
				GCC_WARN_64_TO_32_BIT_CONVERSION = YES;
				GCC_WARN_ABOUT_RETURN_TYPE = YES_ERROR;
				GCC_WARN_UNDECLARED_SELECTOR = YES;
				GCC_WARN_UNINITIALIZED_AUTOS = YES_AGGRESSIVE;
				GCC_WARN_UNUSED_FUNCTION = YES;
				GCC_WARN_UNUSED_VARIABLE = YES;
				IPHONEOS_DEPLOYMENT_TARGET = 16.2;
				MTL_ENABLE_DEBUG_INFO = NO;
				MTL_FAST_MATH = YES;
				SDKROOT = iphoneos;
				SWIFT_COMPILATION_MODE = wholemodule;
				SWIFT_OPTIMIZATION_LEVEL = "-O";
				VALIDATE_PRODUCT = YES;
			};
			name = Release;
		};
		50057CD529BCC01B00919FD3 /* Debug */ = {
			isa = XCBuildConfiguration;
			buildSettings = {
				ASSETCATALOG_COMPILER_APPICON_NAME = AppIcon;
				ASSETCATALOG_COMPILER_GLOBAL_ACCENT_COLOR_NAME = AccentColor;
				CODE_SIGN_STYLE = Automatic;
				CURRENT_PROJECT_VERSION = 1;
				DEVELOPMENT_TEAM = RFJGBQLWU5;
				GENERATE_INFOPLIST_FILE = YES;
				INFOPLIST_FILE = AlphaFitness/Info.plist;
				INFOPLIST_KEY_UIApplicationSupportsIndirectInputEvents = YES;
				INFOPLIST_KEY_UILaunchStoryboardName = LaunchScreen;
				INFOPLIST_KEY_UIMainStoryboardFile = Main;
				INFOPLIST_KEY_UISupportedInterfaceOrientations_iPad = "UIInterfaceOrientationPortrait UIInterfaceOrientationPortraitUpsideDown UIInterfaceOrientationLandscapeLeft UIInterfaceOrientationLandscapeRight";
				INFOPLIST_KEY_UISupportedInterfaceOrientations_iPhone = "UIInterfaceOrientationPortrait UIInterfaceOrientationLandscapeLeft UIInterfaceOrientationLandscapeRight";
				IPHONEOS_DEPLOYMENT_TARGET = 16.0;
				LD_RUNPATH_SEARCH_PATHS = (
					"$(inherited)",
					"@executable_path/Frameworks",
				);
				MARKETING_VERSION = 1.0;
				PRODUCT_BUNDLE_IDENTIFIER = NIBM.AlphaFitness;
				PRODUCT_NAME = "$(TARGET_NAME)";
				SWIFT_EMIT_LOC_STRINGS = YES;
				SWIFT_VERSION = 5.0;
				TARGETED_DEVICE_FAMILY = "1,2";
			};
			name = Debug;
		};
		50057CD629BCC01B00919FD3 /* Release */ = {
			isa = XCBuildConfiguration;
			buildSettings = {
				ASSETCATALOG_COMPILER_APPICON_NAME = AppIcon;
				ASSETCATALOG_COMPILER_GLOBAL_ACCENT_COLOR_NAME = AccentColor;
				CODE_SIGN_STYLE = Automatic;
				CURRENT_PROJECT_VERSION = 1;
				DEVELOPMENT_TEAM = RFJGBQLWU5;
				GENERATE_INFOPLIST_FILE = YES;
				INFOPLIST_FILE = AlphaFitness/Info.plist;
				INFOPLIST_KEY_UIApplicationSupportsIndirectInputEvents = YES;
				INFOPLIST_KEY_UILaunchStoryboardName = LaunchScreen;
				INFOPLIST_KEY_UIMainStoryboardFile = Main;
				INFOPLIST_KEY_UISupportedInterfaceOrientations_iPad = "UIInterfaceOrientationPortrait UIInterfaceOrientationPortraitUpsideDown UIInterfaceOrientationLandscapeLeft UIInterfaceOrientationLandscapeRight";
				INFOPLIST_KEY_UISupportedInterfaceOrientations_iPhone = "UIInterfaceOrientationPortrait UIInterfaceOrientationLandscapeLeft UIInterfaceOrientationLandscapeRight";
				IPHONEOS_DEPLOYMENT_TARGET = 16.0;
				LD_RUNPATH_SEARCH_PATHS = (
					"$(inherited)",
					"@executable_path/Frameworks",
				);
				MARKETING_VERSION = 1.0;
				PRODUCT_BUNDLE_IDENTIFIER = NIBM.AlphaFitness;
				PRODUCT_NAME = "$(TARGET_NAME)";
				SWIFT_EMIT_LOC_STRINGS = YES;
				SWIFT_VERSION = 5.0;
				TARGETED_DEVICE_FAMILY = "1,2";
			};
			name = Release;
		};
/* End XCBuildConfiguration section */

/* Begin XCConfigurationList section */
		50057CBB29BCC01A00919FD3 /* Build configuration list for PBXProject "AlphaFitness" */ = {
			isa = XCConfigurationList;
			buildConfigurations = (
				50057CD229BCC01B00919FD3 /* Debug */,
				50057CD329BCC01B00919FD3 /* Release */,
			);
			defaultConfigurationIsVisible = 0;
			defaultConfigurationName = Release;
		};
		50057CD429BCC01B00919FD3 /* Build configuration list for PBXNativeTarget "AlphaFitness" */ = {
			isa = XCConfigurationList;
			buildConfigurations = (
				50057CD529BCC01B00919FD3 /* Debug */,
				50057CD629BCC01B00919FD3 /* Release */,
			);
			defaultConfigurationIsVisible = 0;
			defaultConfigurationName = Release;
		};
/* End XCConfigurationList section */
	};
	rootObject = 50057CB829BCC01A00919FD3 /* Project object */;
}
